
Microsoft Visual Studio Solution File, Format Version 12.00
# Visual Studio 15
VisualStudioVersion = 15.0.26124.0
MinimumVisualStudioVersion = 15.0.26124.0
Project("{FAE04EC0-301F-11D3-BF4B-00C04F79EFBC}") = "EncryptionService", "EncryptionService\EncryptionService.csproj", "{8B197D35-FA73-4655-BDEE-BD355DFF88DB}"
EndProject
Project("{FAE04EC0-301F-11D3-BF4B-00C04F79EFBC}") = "EncryptionService.Test", "EncryptionService.Test\EncryptionService.Test.csproj", "{4E4D0C33-F84B-432F-A6DF-BF9CD7FB53F6}"
EndProject
Project("{FAE04EC0-301F-11D3-BF4B-00C04F79EFBC}") = "ApiGateway", "ApiGateway\ApiGateway.csproj", "{C2B0F2AE-7200-47FA-B70A-A61510231572}"
EndProject
Global
	GlobalSection(SolutionConfigurationPlatforms) = preSolution
		Debug|Any CPU = Debug|Any CPU
		Debug|x64 = Debug|x64
		Debug|x86 = Debug|x86
		Release|Any CPU = Release|Any CPU
		Release|x64 = Release|x64
		Release|x86 = Release|x86
	EndGlobalSection
	GlobalSection(SolutionProperties) = preSolution
		HideSolutionNode = FALSE
	EndGlobalSection
	GlobalSection(ProjectConfigurationPlatforms) = postSolution
		{8B197D35-FA73-4655-BDEE-BD355DFF88DB}.Debug|Any CPU.ActiveCfg = Debug|Any CPU
		{8B197D35-FA73-4655-BDEE-BD355DFF88DB}.Debug|Any CPU.Build.0 = Debug|Any CPU
		{8B197D35-FA73-4655-BDEE-BD355DFF88DB}.Debug|x64.ActiveCfg = Debug|Any CPU
		{8B197D35-FA73-4655-BDEE-BD355DFF88DB}.Debug|x64.Build.0 = Debug|Any CPU
		{8B197D35-FA73-4655-BDEE-BD355DFF88DB}.Debug|x86.ActiveCfg = Debug|Any CPU
		{8B197D35-FA73-4655-BDEE-BD355DFF88DB}.Debug|x86.Build.0 = Debug|Any CPU
		{8B197D35-FA73-4655-BDEE-BD355DFF88DB}.Release|Any CPU.ActiveCfg = Release|Any CPU
		{8B197D35-FA73-4655-BDEE-BD355DFF88DB}.Release|Any CPU.Build.0 = Release|Any CPU
		{8B197D35-FA73-4655-BDEE-BD355DFF88DB}.Release|x64.ActiveCfg = Release|Any CPU
		{8B197D35-FA73-4655-BDEE-BD355DFF88DB}.Release|x64.Build.0 = Release|Any CPU
		{8B197D35-FA73-4655-BDEE-BD355DFF88DB}.Release|x86.ActiveCfg = Release|Any CPU
		{8B197D35-FA73-4655-BDEE-BD355DFF88DB}.Release|x86.Build.0 = Release|Any CPU
		{4E4D0C33-F84B-432F-A6DF-BF9CD7FB53F6}.Debug|Any CPU.ActiveCfg = Debug|Any CPU
		{4E4D0C33-F84B-432F-A6DF-BF9CD7FB53F6}.Debug|Any CPU.Build.0 = Debug|Any CPU
		{4E4D0C33-F84B-432F-A6DF-BF9CD7FB53F6}.Debug|x64.ActiveCfg = Debug|Any CPU
		{4E4D0C33-F84B-432F-A6DF-BF9CD7FB53F6}.Debug|x64.Build.0 = Debug|Any CPU
		{4E4D0C33-F84B-432F-A6DF-BF9CD7FB53F6}.Debug|x86.ActiveCfg = Debug|Any CPU
		{4E4D0C33-F84B-432F-A6DF-BF9CD7FB53F6}.Debug|x86.Build.0 = Debug|Any CPU
		{4E4D0C33-F84B-432F-A6DF-BF9CD7FB53F6}.Release|Any CPU.ActiveCfg = Release|Any CPU
		{4E4D0C33-F84B-432F-A6DF-BF9CD7FB53F6}.Release|Any CPU.Build.0 = Release|Any CPU
		{4E4D0C33-F84B-432F-A6DF-BF9CD7FB53F6}.Release|x64.ActiveCfg = Release|Any CPU
		{4E4D0C33-F84B-432F-A6DF-BF9CD7FB53F6}.Release|x64.Build.0 = Release|Any CPU
		{4E4D0C33-F84B-432F-A6DF-BF9CD7FB53F6}.Release|x86.ActiveCfg = Release|Any CPU
		{4E4D0C33-F84B-432F-A6DF-BF9CD7FB53F6}.Release|x86.Build.0 = Release|Any CPU
		{C2B0F2AE-7200-47FA-B70A-A61510231572}.Debug|Any CPU.ActiveCfg = Debug|Any CPU
		{C2B0F2AE-7200-47FA-B70A-A61510231572}.Debug|Any CPU.Build.0 = Debug|Any CPU
		{C2B0F2AE-7200-47FA-B70A-A61510231572}.Debug|x64.ActiveCfg = Debug|Any CPU
		{C2B0F2AE-7200-47FA-B70A-A61510231572}.Debug|x64.Build.0 = Debug|Any CPU
		{C2B0F2AE-7200-47FA-B70A-A61510231572}.Debug|x86.ActiveCfg = Debug|Any CPU
		{C2B0F2AE-7200-47FA-B70A-A61510231572}.Debug|x86.Build.0 = Debug|Any CPU
		{C2B0F2AE-7200-47FA-B70A-A61510231572}.Release|Any CPU.ActiveCfg = Release|Any CPU
		{C2B0F2AE-7200-47FA-B70A-A61510231572}.Release|Any CPU.Build.0 = Release|Any CPU
		{C2B0F2AE-7200-47FA-B70A-A61510231572}.Release|x64.ActiveCfg = Release|Any CPU
		{C2B0F2AE-7200-47FA-B70A-A61510231572}.Release|x64.Build.0 = Release|Any CPU
		{C2B0F2AE-7200-47FA-B70A-A61510231572}.Release|x86.ActiveCfg = Release|Any CPU
		{C2B0F2AE-7200-47FA-B70A-A61510231572}.Release|x86.Build.0 = Release|Any CPU
	EndGlobalSection
EndGlobal
